{
	"name": "@efb/efb-api",
	"version": "1.0.3",
	"lockfileVersion": 3,
	"requires": true,
	"packages": {
		"": {
			"name": "@efb/efb-api",
			"version": "1.0.3",
			"license": "MIT",
			"dependencies": {
				"@microsoft/msfs-sdk": "file:../vendor/microsoft-msfs-sdk-2.1.1.tgz"
			}
		},
		"node_modules/@microsoft/msfs-sdk": {
			"version": "2.1.1",
			"resolved": "file:../vendor/microsoft-msfs-sdk-2.1.1.tgz",
			"integrity": "sha512-PsdlZdZXJke2PAYMclLvtdRnChp3rJaKgqJ35HgBE4k9BoTId3rp/ZyiZtlCUtBaSVGfuop/kEVZa4w/iEc8ew==",
			"license": "MIT"
		}
	}
}
